
Microsoft Visual Studio Solution File, Format Version 12.00
# Visual Studio Version 17
VisualStudioVersion = 17.11.35312.102
MinimumVisualStudioVersion = 10.0.40219.1
Project("{FAE04EC0-301F-11D3-BF4B-00C04F79EFBC}") = "EFWebApi", "EFWebApi\EFWebApi.csproj", "{B81C23F8-D9C8-4539-AFDA-8C9652720DD1}"
EndProject
Global
	GlobalSection(SolutionConfigurationPlatforms) = preSolution
		Debug|Any CPU = Debug|Any CPU
		Release|Any CPU = Release|Any CPU
	EndGlobalSection
	GlobalSection(ProjectConfigurationPlatforms) = postSolution
		{B81C23F8-D9C8-4539-AFDA-8C9652720DD1}.Debug|Any CPU.ActiveCfg = Debug|Any CPU
		{B81C23F8-D9C8-4539-AFDA-8C9652720DD1}.Debug|Any CPU.Build.0 = Debug|Any CPU
		{B81C23F8-D9C8-4539-AFDA-8C9652720DD1}.Release|Any CPU.ActiveCfg = Release|Any CPU
		{B81C23F8-D9C8-4539-AFDA-8C9652720DD1}.Release|Any CPU.Build.0 = Release|Any CPU
	EndGlobalSection
	GlobalSection(SolutionProperties) = preSolution
		HideSolutionNode = FALSE
	EndGlobalSection
	GlobalSection(ExtensibilityGlobals) = postSolution
		SolutionGuid = {E6AD7A79-4EF0-463C-BE0B-C1726F65F3F6}
	EndGlobalSection
EndGlobal
