
Microsoft Visual Studio Solution File, Format Version 12.00
# Visual Studio Version 17
VisualStudioVersion = 17.9.34723.18
MinimumVisualStudioVersion = 10.0.40219.1
Project("{FAE04EC0-301F-11D3-BF4B-00C04F79EFBC}") = "proyecto[Practica01]", "proyecto[Practica01]\proyecto[Practica01].csproj", "{E47887D4-1B8E-4739-8836-0CD379DE1F4D}"
EndProject
Global
	GlobalSection(SolutionConfigurationPlatforms) = preSolution
		Debug|Any CPU = Debug|Any CPU
		Release|Any CPU = Release|Any CPU
	EndGlobalSection
	GlobalSection(ProjectConfigurationPlatforms) = postSolution
		{E47887D4-1B8E-4739-8836-0CD379DE1F4D}.Debug|Any CPU.ActiveCfg = Debug|Any CPU
		{E47887D4-1B8E-4739-8836-0CD379DE1F4D}.Debug|Any CPU.Build.0 = Debug|Any CPU
		{E47887D4-1B8E-4739-8836-0CD379DE1F4D}.Release|Any CPU.ActiveCfg = Release|Any CPU
		{E47887D4-1B8E-4739-8836-0CD379DE1F4D}.Release|Any CPU.Build.0 = Release|Any CPU
	EndGlobalSection
	GlobalSection(SolutionProperties) = preSolution
		HideSolutionNode = FALSE
	EndGlobalSection
	GlobalSection(ExtensibilityGlobals) = postSolution
		SolutionGuid = {7CD4BA43-5874-4794-B2F6-7921CB51884B}
	EndGlobalSection
EndGlobal
